
Microsoft Visual Studio Solution File, Format Version 12.00
# Visual Studio Version 17
VisualStudioVersion = 17.6.33723.286
MinimumVisualStudioVersion = 10.0.40219.1
Project("{9A19103F-16F7-4668-BE54-9A1E7A4F7556}") = "Konektor", "Konektor\Konektor.csproj", "{7AF220E9-6E3A-4D97-BD22-88D89B00DCDB}"
EndProject
Project("{FAE04EC0-301F-11D3-BF4B-00C04F79EFBC}") = "Infrastracture", "Infrastracture\Infrastracture.csproj", "{811511A7-CE28-4105-ADFF-85E25C589B1A}"
EndProject
Project("{FAE04EC0-301F-11D3-BF4B-00C04F79EFBC}") = "Domain", "Domain\Domain.csproj", "{58679C36-EC18-4699-BB3E-8BD8DA675FA5}"
EndProject
Project("{FAE04EC0-301F-11D3-BF4B-00C04F79EFBC}") = "Application", "Application\Application.csproj", "{E1079E3E-47EB-4259-A720-1914A7F0DAA6}"
EndProject
Global
	GlobalSection(SolutionConfigurationPlatforms) = preSolution
		Debug|Any CPU = Debug|Any CPU
		Release|Any CPU = Release|Any CPU
	EndGlobalSection
	GlobalSection(ProjectConfigurationPlatforms) = postSolution
		{7AF220E9-6E3A-4D97-BD22-88D89B00DCDB}.Debug|Any CPU.ActiveCfg = Debug|Any CPU
		{7AF220E9-6E3A-4D97-BD22-88D89B00DCDB}.Debug|Any CPU.Build.0 = Debug|Any CPU
		{7AF220E9-6E3A-4D97-BD22-88D89B00DCDB}.Release|Any CPU.ActiveCfg = Release|Any CPU
		{7AF220E9-6E3A-4D97-BD22-88D89B00DCDB}.Release|Any CPU.Build.0 = Release|Any CPU
		{811511A7-CE28-4105-ADFF-85E25C589B1A}.Debug|Any CPU.ActiveCfg = Debug|Any CPU
		{811511A7-CE28-4105-ADFF-85E25C589B1A}.Debug|Any CPU.Build.0 = Debug|Any CPU
		{811511A7-CE28-4105-ADFF-85E25C589B1A}.Release|Any CPU.ActiveCfg = Release|Any CPU
		{811511A7-CE28-4105-ADFF-85E25C589B1A}.Release|Any CPU.Build.0 = Release|Any CPU
		{58679C36-EC18-4699-BB3E-8BD8DA675FA5}.Debug|Any CPU.ActiveCfg = Debug|Any CPU
		{58679C36-EC18-4699-BB3E-8BD8DA675FA5}.Debug|Any CPU.Build.0 = Debug|Any CPU
		{58679C36-EC18-4699-BB3E-8BD8DA675FA5}.Release|Any CPU.ActiveCfg = Release|Any CPU
		{58679C36-EC18-4699-BB3E-8BD8DA675FA5}.Release|Any CPU.Build.0 = Release|Any CPU
		{E1079E3E-47EB-4259-A720-1914A7F0DAA6}.Debug|Any CPU.ActiveCfg = Debug|Any CPU
		{E1079E3E-47EB-4259-A720-1914A7F0DAA6}.Debug|Any CPU.Build.0 = Debug|Any CPU
		{E1079E3E-47EB-4259-A720-1914A7F0DAA6}.Release|Any CPU.ActiveCfg = Release|Any CPU
		{E1079E3E-47EB-4259-A720-1914A7F0DAA6}.Release|Any CPU.Build.0 = Release|Any CPU
	EndGlobalSection
	GlobalSection(SolutionProperties) = preSolution
		HideSolutionNode = FALSE
	EndGlobalSection
	GlobalSection(ExtensibilityGlobals) = postSolution
		SolutionGuid = {E8E6C5BF-A554-440D-B199-7F4AC7344DFC}
	EndGlobalSection
EndGlobal
